// !$*UTF8*$!
{
	archiveVersion = 1;
	classes = {
	};
	objectVersion = 46;
	objects = {

/* Begin PBXBuildFile section */
		04197486169F2D8A00067E1C /* UIKit.framework in Frameworks */ = {isa = PBXBuildFile; fileRef = 04861B12164ABB34000991D0 /* UIKit.framework */; };
		04197487169F2D8A00067E1C /* Foundation.framework in Frameworks */ = {isa = PBXBuildFile; fileRef = 04861B14164ABB34000991D0 /* Foundation.framework */; };
		04197488169F2D8A00067E1C /* CoreGraphics.framework in Frameworks */ = {isa = PBXBuildFile; fileRef = 04861B16164ABB34000991D0 /* CoreGraphics.framework */; };
		0419748E169F2D8A00067E1C /* InfoPlist.strings in Resources */ = {isa = PBXBuildFile; fileRef = 0419748C169F2D8A00067E1C /* InfoPlist.strings */; };
		04197490169F2D8A00067E1C /* main.m in Sources */ = {isa = PBXBuildFile; fileRef = 0419748F169F2D8A00067E1C /* main.m */; };
		04197494169F2D8A00067E1C /* JLUNITAppDelegate.m in Sources */ = {isa = PBXBuildFile; fileRef = 04197493169F2D8A00067E1C /* JLUNITAppDelegate.m */; };
		04197496169F2D8A00067E1C /* Default.png in Resources */ = {isa = PBXBuildFile; fileRef = 04197495169F2D8A00067E1C /* Default.png */; };
		04197498169F2D8A00067E1C /* Default@2x.png in Resources */ = {isa = PBXBuildFile; fileRef = 04197497169F2D8A00067E1C /* Default@2x.png */; };
		0419749A169F2D8A00067E1C /* Default-568h@2x.png in Resources */ = {isa = PBXBuildFile; fileRef = 04197499169F2D8A00067E1C /* Default-568h@2x.png */; };
		0419749F169F2DE200067E1C /* NSObject+JL_KeyPathIntrospection.m in Sources */ = {isa = PBXBuildFile; fileRef = 04B8E94F164CE4470006AD75 /* NSObject+JL_KeyPathIntrospection.m */; };
		041974A1169F2DE200067E1C /* NSURL+JL_Parameters.m in Sources */ = {isa = PBXBuildFile; fileRef = 04B8E951164CE4470006AD75 /* NSURL+JL_Parameters.m */; };
		041974A3169F2DE200067E1C /* NSString+JL_WhiteSpace.m in Sources */ = {isa = PBXBuildFile; fileRef = 04BEE8F01651736E00FD0D28 /* NSString+JL_WhiteSpace.m */; };
		041974A5169F2DE200067E1C /* JLDataManager.m in Sources */ = {isa = PBXBuildFile; fileRef = 04B8E955164CE4470006AD75 /* JLDataManager.m */; };
		041974A8169F2DE200067E1C /* JLManagedTableViewController.m in Sources */ = {isa = PBXBuildFile; fileRef = 04B8E958164CE4470006AD75 /* JLManagedTableViewController.m */; };
		041974AA169F2DE200067E1C /* JLRequestDispatch.m in Sources */ = {isa = PBXBuildFile; fileRef = 04B8E95B164CE4470006AD75 /* JLRequestDispatch.m */; };
		041974AD169F2DE200067E1C /* JLRequestDispatchOperation.m in Sources */ = {isa = PBXBuildFile; fileRef = 04B8E95E164CE4470006AD75 /* JLRequestDispatchOperation.m */; };
		041974AE169F2DE800067E1C /* CoreData.framework in Frameworks */ = {isa = PBXBuildFile; fileRef = 04861B6A164ABDF2000991D0 /* CoreData.framework */; };
		041974B8169F300800067E1C /* Model.xcdatamodeld in Sources */ = {isa = PBXBuildFile; fileRef = 041974B6169F300800067E1C /* Model.xcdatamodeld */; };
		04385735164CD5EC007DBCD8 /* libOCMock.a in Frameworks */ = {isa = PBXBuildFile; fileRef = 0438572D164CD5EC007DBCD8 /* libOCMock.a */; };
		04861B36164ABB55000991D0 /* SenTestingKit.framework in Frameworks */ = {isa = PBXBuildFile; fileRef = 04861B35164ABB55000991D0 /* SenTestingKit.framework */; };
		04861B37164ABB55000991D0 /* UIKit.framework in Frameworks */ = {isa = PBXBuildFile; fileRef = 04861B12164ABB34000991D0 /* UIKit.framework */; };
		04861B38164ABB55000991D0 /* Foundation.framework in Frameworks */ = {isa = PBXBuildFile; fileRef = 04861B14164ABB34000991D0 /* Foundation.framework */; };
		04861B3E164ABB55000991D0 /* InfoPlist.strings in Resources */ = {isa = PBXBuildFile; fileRef = 04861B3C164ABB55000991D0 /* InfoPlist.strings */; };
		04861B6B164ABDF2000991D0 /* CoreData.framework in Frameworks */ = {isa = PBXBuildFile; fileRef = 04861B6A164ABDF2000991D0 /* CoreData.framework */; };
		04B8E949164CE3C20006AD75 /* JLUNIT_KeyPathIntrospection.m in Sources */ = {isa = PBXBuildFile; fileRef = 04861B40164ABB55000991D0 /* JLUNIT_KeyPathIntrospection.m */; };
		04B8E94A164CE3C20006AD75 /* JLUNIT_Parameters.m in Sources */ = {isa = PBXBuildFile; fileRef = 04861B68164ABDB8000991D0 /* JLUNIT_Parameters.m */; };
		04B8E94B164CE3C20006AD75 /* JLUNIT_RequestDispatchOperation.m in Sources */ = {isa = PBXBuildFile; fileRef = 04B90389164C0B3700617566 /* JLUNIT_RequestDispatchOperation.m */; };
		04B8E95F164CE4470006AD75 /* NSObject+JL_KeyPathIntrospection.m in Sources */ = {isa = PBXBuildFile; fileRef = 04B8E94F164CE4470006AD75 /* NSObject+JL_KeyPathIntrospection.m */; };
		04B8E960164CE4470006AD75 /* NSURL+JL_Parameters.m in Sources */ = {isa = PBXBuildFile; fileRef = 04B8E951164CE4470006AD75 /* NSURL+JL_Parameters.m */; };
		04B8E961164CE4470006AD75 /* JLDataManager.m in Sources */ = {isa = PBXBuildFile; fileRef = 04B8E955164CE4470006AD75 /* JLDataManager.m */; };
		04B8E962164CE4470006AD75 /* JLManagedTableViewController.m in Sources */ = {isa = PBXBuildFile; fileRef = 04B8E958164CE4470006AD75 /* JLManagedTableViewController.m */; };
		04B8E963164CE4470006AD75 /* JLRequestDispatch.m in Sources */ = {isa = PBXBuildFile; fileRef = 04B8E95B164CE4470006AD75 /* JLRequestDispatch.m */; };
		04B8E964164CE4470006AD75 /* JLRequestDispatchOperation.m in Sources */ = {isa = PBXBuildFile; fileRef = 04B8E95E164CE4470006AD75 /* JLRequestDispatchOperation.m */; };
		04BEE8F11651736E00FD0D28 /* NSString+JL_WhiteSpace.m in Sources */ = {isa = PBXBuildFile; fileRef = 04BEE8F01651736E00FD0D28 /* NSString+JL_WhiteSpace.m */; };
		04BEE8F21651736E00FD0D28 /* NSString+JL_WhiteSpace.m in Sources */ = {isa = PBXBuildFile; fileRef = 04BEE8F01651736E00FD0D28 /* NSString+JL_WhiteSpace.m */; };
		04BEE8FA1651766400FD0D28 /* JLUNIT_WhiteSpace.m in Sources */ = {isa = PBXBuildFile; fileRef = 04BEE8F91651766400FD0D28 /* JLUNIT_WhiteSpace.m */; };
		04BEE8FB1651766400FD0D28 /* JLUNIT_WhiteSpace.m in Sources */ = {isa = PBXBuildFile; fileRef = 04BEE8F91651766400FD0D28 /* JLUNIT_WhiteSpace.m */; };
		04D75236164DEF7F004429A7 /* JLUNIT_RequestDispatch.m in Sources */ = {isa = PBXBuildFile; fileRef = 04D75235164DEF7F004429A7 /* JLUNIT_RequestDispatch.m */; };
		04D7523A164DF095004429A7 /* JLUNIT_RequestDispatchCommon.m in Sources */ = {isa = PBXBuildFile; fileRef = 04D75239164DF095004429A7 /* JLUNIT_RequestDispatchCommon.m */; };
		04D75257164E09C6004429A7 /* SenTestingKit.framework in Frameworks */ = {isa = PBXBuildFile; fileRef = 04861B35164ABB55000991D0 /* SenTestingKit.framework */; };
		04D75259164E09C6004429A7 /* Cocoa.framework in Frameworks */ = {isa = PBXBuildFile; fileRef = 04D75258164E09C6004429A7 /* Cocoa.framework */; };
		04D75263164E09C6004429A7 /* InfoPlist.strings in Resources */ = {isa = PBXBuildFile; fileRef = 04D75261164E09C6004429A7 /* InfoPlist.strings */; };
		04D7526B164E09D0004429A7 /* CoreData.framework in Frameworks */ = {isa = PBXBuildFile; fileRef = 04D7524E164E09A2004429A7 /* CoreData.framework */; };
		04D7526C164E0A71004429A7 /* NSObject+JL_KeyPathIntrospection.m in Sources */ = {isa = PBXBuildFile; fileRef = 04B8E94F164CE4470006AD75 /* NSObject+JL_KeyPathIntrospection.m */; };
		04D7526D164E0A71004429A7 /* NSURL+JL_Parameters.m in Sources */ = {isa = PBXBuildFile; fileRef = 04B8E951164CE4470006AD75 /* NSURL+JL_Parameters.m */; };
		04D7526E164E0A71004429A7 /* JLDataManager.m in Sources */ = {isa = PBXBuildFile; fileRef = 04B8E955164CE4470006AD75 /* JLDataManager.m */; };
		04D75270164E0A71004429A7 /* JLRequestDispatch.m in Sources */ = {isa = PBXBuildFile; fileRef = 04B8E95B164CE4470006AD75 /* JLRequestDispatch.m */; };
		04D75271164E0A71004429A7 /* JLRequestDispatchOperation.m in Sources */ = {isa = PBXBuildFile; fileRef = 04B8E95E164CE4470006AD75 /* JLRequestDispatchOperation.m */; };
		04D75272164E0A71004429A7 /* JLUNIT_KeyPathIntrospection.m in Sources */ = {isa = PBXBuildFile; fileRef = 04861B40164ABB55000991D0 /* JLUNIT_KeyPathIntrospection.m */; };
		04D75273164E0A71004429A7 /* JLUNIT_Parameters.m in Sources */ = {isa = PBXBuildFile; fileRef = 04861B68164ABDB8000991D0 /* JLUNIT_Parameters.m */; };
		04D75274164E0A71004429A7 /* JLUNIT_RequestDispatchCommon.m in Sources */ = {isa = PBXBuildFile; fileRef = 04D75239164DF095004429A7 /* JLUNIT_RequestDispatchCommon.m */; };
		04D75275164E0A71004429A7 /* JLUNIT_RequestDispatchOperation.m in Sources */ = {isa = PBXBuildFile; fileRef = 04B90389164C0B3700617566 /* JLUNIT_RequestDispatchOperation.m */; };
		04D75276164E0A71004429A7 /* JLUNIT_RequestDispatch.m in Sources */ = {isa = PBXBuildFile; fileRef = 04D75235164DEF7F004429A7 /* JLUNIT_RequestDispatch.m */; };
/* End PBXBuildFile section */

/* Begin PBXFileReference section */
		041974C7169F32FD00067E1C /* JLURLStringTransformer.h */ = {isa = PBXFileReference; fileEncoding = 4; lastKnownFileType = sourcecode.c.h; path = JLURLStringTransformer.h; sourceTree = "<group>"; };
		041974C8169F32FD00067E1C /* JLURLStringTransformer.m */ = {isa = PBXFileReference; fileEncoding = 4; lastKnownFileType = sourcecode.c.objc; path = JLURLStringTransformer.m; sourceTree = "<group>"; };
		0438572D164CD5EC007DBCD8 /* libOCMock.a */ = {isa = PBXFileReference; lastKnownFileType = archive.ar; name = libOCMock.a; path = UnitTests/Frameworks/OCMock/libOCMock.a; sourceTree = "<group>"; };
		0438572F164CD5EC007DBCD8 /* NSNotificationCenter+OCMAdditions.h */ = {isa = PBXFileReference; fileEncoding = 4; lastKnownFileType = sourcecode.c.h; path = "NSNotificationCenter+OCMAdditions.h"; sourceTree = "<group>"; };
		04385730164CD5EC007DBCD8 /* OCMArg.h */ = {isa = PBXFileReference; fileEncoding = 4; lastKnownFileType = sourcecode.c.h; path = OCMArg.h; sourceTree = "<group>"; };
		04385731164CD5EC007DBCD8 /* OCMConstraint.h */ = {isa = PBXFileReference; fileEncoding = 4; lastKnownFileType = sourcecode.c.h; path = OCMConstraint.h; sourceTree = "<group>"; };
		04385732164CD5EC007DBCD8 /* OCMock.h */ = {isa = PBXFileReference; fileEncoding = 4; lastKnownFileType = sourcecode.c.h; path = OCMock.h; sourceTree = "<group>"; };
		04385733164CD5EC007DBCD8 /* OCMockObject.h */ = {isa = PBXFileReference; fileEncoding = 4; lastKnownFileType = sourcecode.c.h; path = OCMockObject.h; sourceTree = "<group>"; };
		04385734164CD5EC007DBCD8 /* OCMockRecorder.h */ = {isa = PBXFileReference; fileEncoding = 4; lastKnownFileType = sourcecode.c.h; path = OCMockRecorder.h; sourceTree = "<group>"; };
		04861B12164ABB34000991D0 /* UIKit.framework */ = {isa = PBXFileReference; lastKnownFileType = wrapper.framework; name = UIKit.framework; path = System/Library/Frameworks/UIKit.framework; sourceTree = SDKROOT; };
		04861B14164ABB34000991D0 /* Foundation.framework */ = {isa = PBXFileReference; lastKnownFileType = wrapper.framework; name = Foundation.framework; path = System/Library/Frameworks/Foundation.framework; sourceTree = SDKROOT; };
		04861B16164ABB34000991D0 /* CoreGraphics.framework */ = {isa = PBXFileReference; lastKnownFileType = wrapper.framework; name = CoreGraphics.framework; path = System/Library/Frameworks/CoreGraphics.framework; sourceTree = SDKROOT; };
		04861B34164ABB55000991D0 /* UnitTests.octest */ = {isa = PBXFileReference; explicitFileType = wrapper.cfbundle; includeInIndex = 0; path = UnitTests.octest; sourceTree = BUILT_PRODUCTS_DIR; };
		04861B35164ABB55000991D0 /* SenTestingKit.framework */ = {isa = PBXFileReference; lastKnownFileType = wrapper.framework; name = SenTestingKit.framework; path = Library/Frameworks/SenTestingKit.framework; sourceTree = DEVELOPER_DIR; };
		04861B3B164ABB55000991D0 /* UnitTests-Info.plist */ = {isa = PBXFileReference; lastKnownFileType = text.plist.xml; path = "UnitTests-Info.plist"; sourceTree = "<group>"; };
		04861B3D164ABB55000991D0 /* en */ = {isa = PBXFileReference; lastKnownFileType = text.plist.strings; name = en; path = en.lproj/InfoPlist.strings; sourceTree = "<group>"; };
		04861B3F164ABB55000991D0 /* JLUNIT_KeyPathIntrospection.h */ = {isa = PBXFileReference; lastKnownFileType = sourcecode.c.h; path = JLUNIT_KeyPathIntrospection.h; sourceTree = "<group>"; };
		04861B40164ABB55000991D0 /* JLUNIT_KeyPathIntrospection.m */ = {isa = PBXFileReference; lastKnownFileType = sourcecode.c.objc; path = JLUNIT_KeyPathIntrospection.m; sourceTree = "<group>"; };
		04861B42164ABB55000991D0 /* UnitTests-Prefix.pch */ = {isa = PBXFileReference; lastKnownFileType = sourcecode.c.h; path = "UnitTests-Prefix.pch"; sourceTree = "<group>"; };
		04861B67164ABDB8000991D0 /* JLUNIT_Parameters.h */ = {isa = PBXFileReference; fileEncoding = 4; lastKnownFileType = sourcecode.c.h; path = JLUNIT_Parameters.h; sourceTree = "<group>"; };
		04861B68164ABDB8000991D0 /* JLUNIT_Parameters.m */ = {isa = PBXFileReference; fileEncoding = 4; lastKnownFileType = sourcecode.c.objc; path = JLUNIT_Parameters.m; sourceTree = "<group>"; };
		04861B6A164ABDF2000991D0 /* CoreData.framework */ = {isa = PBXFileReference; lastKnownFileType = wrapper.framework; name = CoreData.framework; path = System/Library/Frameworks/CoreData.framework; sourceTree = SDKROOT; };
		04B8E94E164CE4470006AD75 /* NSObject+JL_KeyPathIntrospection.h */ = {isa = PBXFileReference; fileEncoding = 4; lastKnownFileType = sourcecode.c.h; path = "NSObject+JL_KeyPathIntrospection.h"; sourceTree = "<group>"; };
		04B8E94F164CE4470006AD75 /* NSObject+JL_KeyPathIntrospection.m */ = {isa = PBXFileReference; fileEncoding = 4; lastKnownFileType = sourcecode.c.objc; path = "NSObject+JL_KeyPathIntrospection.m"; sourceTree = "<group>"; };
		04B8E950164CE4470006AD75 /* NSURL+JL_Parameters.h */ = {isa = PBXFileReference; fileEncoding = 4; lastKnownFileType = sourcecode.c.h; path = "NSURL+JL_Parameters.h"; sourceTree = "<group>"; };
		04B8E951164CE4470006AD75 /* NSURL+JL_Parameters.m */ = {isa = PBXFileReference; fileEncoding = 4; lastKnownFileType = sourcecode.c.objc; path = "NSURL+JL_Parameters.m"; sourceTree = "<group>"; };
		04B8E954164CE4470006AD75 /* JLDataManager.h */ = {isa = PBXFileReference; fileEncoding = 4; lastKnownFileType = sourcecode.c.h; path = JLDataManager.h; sourceTree = "<group>"; };
		04B8E955164CE4470006AD75 /* JLDataManager.m */ = {isa = PBXFileReference; fileEncoding = 4; lastKnownFileType = sourcecode.c.objc; path = JLDataManager.m; sourceTree = "<group>"; };
		04B8E956164CE4470006AD75 /* JLDataManagerMacros.h */ = {isa = PBXFileReference; fileEncoding = 4; lastKnownFileType = sourcecode.c.h; path = JLDataManagerMacros.h; sourceTree = "<group>"; };
		04B8E957164CE4470006AD75 /* JLManagedTableViewController.h */ = {isa = PBXFileReference; fileEncoding = 4; lastKnownFileType = sourcecode.c.h; path = JLManagedTableViewController.h; sourceTree = "<group>"; };
		04B8E958164CE4470006AD75 /* JLManagedTableViewController.m */ = {isa = PBXFileReference; fileEncoding = 4; lastKnownFileType = sourcecode.c.objc; path = JLManagedTableViewController.m; sourceTree = "<group>"; };
		04B8E95A164CE4470006AD75 /* JLRequestDispatch.h */ = {isa = PBXFileReference; fileEncoding = 4; lastKnownFileType = sourcecode.c.h; path = JLRequestDispatch.h; sourceTree = "<group>"; };
		04B8E95B164CE4470006AD75 /* JLRequestDispatch.m */ = {isa = PBXFileReference; fileEncoding = 4; lastKnownFileType = sourcecode.c.objc; path = JLRequestDispatch.m; sourceTree = "<group>"; };
		04B8E95C164CE4470006AD75 /* JLRequestDispatchDefines.h */ = {isa = PBXFileReference; fileEncoding = 4; lastKnownFileType = sourcecode.c.h; path = JLRequestDispatchDefines.h; sourceTree = "<group>"; };
		04B8E95D164CE4470006AD75 /* JLRequestDispatchOperation.h */ = {isa = PBXFileReference; fileEncoding = 4; lastKnownFileType = sourcecode.c.h; path = JLRequestDispatchOperation.h; sourceTree = "<group>"; };
		04B8E95E164CE4470006AD75 /* JLRequestDispatchOperation.m */ = {isa = PBXFileReference; fileEncoding = 4; lastKnownFileType = sourcecode.c.objc; path = JLRequestDispatchOperation.m; sourceTree = "<group>"; };
		04B90388164C0B3700617566 /* JLUNIT_RequestDispatchOperation.h */ = {isa = PBXFileReference; fileEncoding = 4; lastKnownFileType = sourcecode.c.h; path = JLUNIT_RequestDispatchOperation.h; sourceTree = "<group>"; };
		04B90389164C0B3700617566 /* JLUNIT_RequestDispatchOperation.m */ = {isa = PBXFileReference; fileEncoding = 4; lastKnownFileType = sourcecode.c.objc; path = JLUNIT_RequestDispatchOperation.m; sourceTree = "<group>"; };
		04BEE8EF1651736E00FD0D28 /* NSString+JL_WhiteSpace.h */ = {isa = PBXFileReference; fileEncoding = 4; lastKnownFileType = sourcecode.c.h; path = "NSString+JL_WhiteSpace.h"; sourceTree = "<group>"; };
		04BEE8F01651736E00FD0D28 /* NSString+JL_WhiteSpace.m */ = {isa = PBXFileReference; fileEncoding = 4; lastKnownFileType = sourcecode.c.objc; path = "NSString+JL_WhiteSpace.m"; sourceTree = "<group>"; };
		04BEE8F81651766400FD0D28 /* JLUNIT_WhiteSpace.h */ = {isa = PBXFileReference; fileEncoding = 4; lastKnownFileType = sourcecode.c.h; path = JLUNIT_WhiteSpace.h; sourceTree = "<group>"; };
		04BEE8F91651766400FD0D28 /* JLUNIT_WhiteSpace.m */ = {isa = PBXFileReference; fileEncoding = 4; lastKnownFileType = sourcecode.c.objc; path = JLUNIT_WhiteSpace.m; sourceTree = "<group>"; };
		04D75234164DEF7F004429A7 /* JLUNIT_RequestDispatch.h */ = {isa = PBXFileReference; fileEncoding = 4; lastKnownFileType = sourcecode.c.h; path = JLUNIT_RequestDispatch.h; sourceTree = "<group>"; };
		04D75235164DEF7F004429A7 /* JLUNIT_RequestDispatch.m */ = {isa = PBXFileReference; fileEncoding = 4; lastKnownFileType = sourcecode.c.objc; path = JLUNIT_RequestDispatch.m; sourceTree = "<group>"; };
		04D75238164DF095004429A7 /* JLUNIT_RequestDispatchCommon.h */ = {isa = PBXFileReference; fileEncoding = 4; lastKnownFileType = sourcecode.c.h; path = JLUNIT_RequestDispatchCommon.h; sourceTree = "<group>"; };
		04D75239164DF095004429A7 /* JLUNIT_RequestDispatchCommon.m */ = {isa = PBXFileReference; fileEncoding = 4; lastKnownFileType = sourcecode.c.objc; path = JLUNIT_RequestDispatchCommon.m; sourceTree = "<group>"; };
		04D7523C164DFB55004429A7 /* JLUNIT_CommonMacros.h */ = {isa = PBXFileReference; fileEncoding = 4; lastKnownFileType = sourcecode.c.h; path = JLUNIT_CommonMacros.h; sourceTree = "<group>"; };
		04D7524E164E09A2004429A7 /* CoreData.framework */ = {isa = PBXFileReference; lastKnownFileType = wrapper.framework; name = CoreData.framework; path = Platforms/MacOSX.platform/Developer/SDKs/MacOSX10.8.sdk/System/Library/Frameworks/CoreData.framework; sourceTree = DEVELOPER_DIR; };
		04D75256164E09C6004429A7 /* UnitTests-NoSimNeeded.octest */ = {isa = PBXFileReference; explicitFileType = wrapper.cfbundle; includeInIndex = 0; path = "UnitTests-NoSimNeeded.octest"; sourceTree = BUILT_PRODUCTS_DIR; };
		04D75258164E09C6004429A7 /* Cocoa.framework */ = {isa = PBXFileReference; lastKnownFileType = wrapper.framework; name = Cocoa.framework; path = Library/Frameworks/Cocoa.framework; sourceTree = DEVELOPER_DIR; };
		04D7525B164E09C6004429A7 /* AppKit.framework */ = {isa = PBXFileReference; lastKnownFileType = wrapper.framework; name = AppKit.framework; path = Library/Frameworks/AppKit.framework; sourceTree = SDKROOT; };
		04D7525C164E09C6004429A7 /* CoreData.framework */ = {isa = PBXFileReference; lastKnownFileType = wrapper.framework; name = CoreData.framework; path = Library/Frameworks/CoreData.framework; sourceTree = SDKROOT; };
		04D7525D164E09C6004429A7 /* Foundation.framework */ = {isa = PBXFileReference; lastKnownFileType = wrapper.framework; name = Foundation.framework; path = Library/Frameworks/Foundation.framework; sourceTree = SDKROOT; };
		04D75260164E09C6004429A7 /* UnitTests-NoSimNeeded-Info.plist */ = {isa = PBXFileReference; lastKnownFileType = text.plist.xml; path = "UnitTests-NoSimNeeded-Info.plist"; sourceTree = "<group>"; };
		04D75262164E09C6004429A7 /* en */ = {isa = PBXFileReference; lastKnownFileType = text.plist.strings; name = en; path = en.lproj/InfoPlist.strings; sourceTree = "<group>"; };
		04D75267164E09C6004429A7 /* UnitTests-NoSimNeeded-Prefix.pch */ = {isa = PBXFileReference; lastKnownFileType = sourcecode.c.h; path = "UnitTests-NoSimNeeded-Prefix.pch"; sourceTree = "<group>"; };
/* End PBXFileReference section */

/* Begin PBXFrameworksBuildPhase section */
		04197481169F2D8A00067E1C /* Frameworks */ = {
			isa = PBXFrameworksBuildPhase;
			buildActionMask = 2147483647;
			files = (
				041974AE169F2DE800067E1C /* CoreData.framework in Frameworks */,
				04197486169F2D8A00067E1C /* UIKit.framework in Frameworks */,
				04197487169F2D8A00067E1C /* Foundation.framework in Frameworks */,
				04197488169F2D8A00067E1C /* CoreGraphics.framework in Frameworks */,
			);
			runOnlyForDeploymentPostprocessing = 0;
		};
		04861B30164ABB55000991D0 /* Frameworks */ = {
			isa = PBXFrameworksBuildPhase;
			buildActionMask = 2147483647;
			files = (
				04861B6B164ABDF2000991D0 /* CoreData.framework in Frameworks */,
				04861B36164ABB55000991D0 /* SenTestingKit.framework in Frameworks */,
				04861B37164ABB55000991D0 /* UIKit.framework in Frameworks */,
				04861B38164ABB55000991D0 /* Foundation.framework in Frameworks */,
				04385735164CD5EC007DBCD8 /* libOCMock.a in Frameworks */,
			);
			runOnlyForDeploymentPostprocessing = 0;
		};
		04D75252164E09C6004429A7 /* Frameworks */ = {
			isa = PBXFrameworksBuildPhase;
			buildActionMask = 2147483647;
			files = (
				04D7526B164E09D0004429A7 /* CoreData.framework in Frameworks */,
				04D75257164E09C6004429A7 /* SenTestingKit.framework in Frameworks */,
				04D75259164E09C6004429A7 /* Cocoa.framework in Frameworks */,
			);
			runOnlyForDeploymentPostprocessing = 0;
		};
/* End PBXFrameworksBuildPhase section */

/* Begin PBXGroup section */
		04197489169F2D8A00067E1C /* UITests */ = {
			isa = PBXGroup;
			children = (
				04197492169F2D8A00067E1C /* JLUNITAppDelegate.h */,
				04197493169F2D8A00067E1C /* JLUNITAppDelegate.m */,
				041974BA169F301000067E1C /* Model */,
				0419748A169F2D8A00067E1C /* Supporting Files */,
			);
			path = UITests;
			sourceTree = "<group>";
		};
		0419748A169F2D8A00067E1C /* Supporting Files */ = {
			isa = PBXGroup;
			children = (
				0419748B169F2D8A00067E1C /* UITests-Info.plist */,
				0419748C169F2D8A00067E1C /* InfoPlist.strings */,
				0419748F169F2D8A00067E1C /* main.m */,
				04197491169F2D8A00067E1C /* UITests-Prefix.pch */,
				04197495169F2D8A00067E1C /* Default.png */,
				04197497169F2D8A00067E1C /* Default@2x.png */,
				04197499169F2D8A00067E1C /* Default-568h@2x.png */,
			);
			name = "Supporting Files";
			sourceTree = "<group>";
		};
		041974BA169F301000067E1C /* Model */ = {
			isa = PBXGroup;
			children = (
				041974B6169F300800067E1C /* Model.xcdatamodeld */,
			);
			name = Model;
			sourceTree = "<group>";
		};
		04385721164CD524007DBCD8 /* OCMock */ = {
			isa = PBXGroup;
			children = (
				0438572D164CD5EC007DBCD8 /* libOCMock.a */,
				0438572E164CD5EC007DBCD8 /* OCMock */,
			);
			name = OCMock;
			sourceTree = "<group>";
		};
		0438572E164CD5EC007DBCD8 /* OCMock */ = {
			isa = PBXGroup;
			children = (
				0438572F164CD5EC007DBCD8 /* NSNotificationCenter+OCMAdditions.h */,
				04385730164CD5EC007DBCD8 /* OCMArg.h */,
				04385731164CD5EC007DBCD8 /* OCMConstraint.h */,
				04385732164CD5EC007DBCD8 /* OCMock.h */,
				04385733164CD5EC007DBCD8 /* OCMockObject.h */,
				04385734164CD5EC007DBCD8 /* OCMockRecorder.h */,
			);
			name = OCMock;
			path = UnitTests/Frameworks/OCMock/OCMock;
			sourceTree = "<group>";
		};
		04861B03164ABB34000991D0 = {
			isa = PBXGroup;
			children = (
				04B8E94C164CE43B0006AD75 /* JLComponentLibrary */,
				04861B39164ABB55000991D0 /* UnitTests */,
				04D7525E164E09C6004429A7 /* UnitTests-NoSimNeeded */,
				04197489169F2D8A00067E1C /* UITests */,
				04861B11164ABB34000991D0 /* Frameworks */,
				04861B0F164ABB34000991D0 /* Products */,
			);
			sourceTree = "<group>";
		};
		04861B0F164ABB34000991D0 /* Products */ = {
			isa = PBXGroup;
			children = (
				04861B34164ABB55000991D0 /* UnitTests.octest */,
				04D75256164E09C6004429A7 /* UnitTests-NoSimNeeded.octest */,
				04197484169F2D8A00067E1C /* UITests.app */,
			);
			name = Products;
			sourceTree = "<group>";
		};
		04861B11164ABB34000991D0 /* Frameworks */ = {
			isa = PBXGroup;
			children = (
				04D7524E164E09A2004429A7 /* CoreData.framework */,
				04385721164CD524007DBCD8 /* OCMock */,
				04861B6A164ABDF2000991D0 /* CoreData.framework */,
				04861B12164ABB34000991D0 /* UIKit.framework */,
				04861B14164ABB34000991D0 /* Foundation.framework */,
				04861B16164ABB34000991D0 /* CoreGraphics.framework */,
				04861B35164ABB55000991D0 /* SenTestingKit.framework */,
				04D75258164E09C6004429A7 /* Cocoa.framework */,
				04D7525A164E09C6004429A7 /* Other Frameworks */,
			);
			name = Frameworks;
			sourceTree = "<group>";
		};
		04861B39164ABB55000991D0 /* UnitTests */ = {
			isa = PBXGroup;
			children = (
				04D7523B164DFB44004429A7 /* Common */,
				04B9038C164C0B3F00617566 /* Category Tests */,
				04B9038D164C0B4600617566 /* Class Tests */,
				04861B3A164ABB55000991D0 /* Supporting Files */,
			);
			path = UnitTests;
			sourceTree = "<group>";
		};
		04861B3A164ABB55000991D0 /* Supporting Files */ = {
			isa = PBXGroup;
			children = (
				04861B3B164ABB55000991D0 /* UnitTests-Info.plist */,
				04861B3C164ABB55000991D0 /* InfoPlist.strings */,
				04861B42164ABB55000991D0 /* UnitTests-Prefix.pch */,
			);
			name = "Supporting Files";
			sourceTree = "<group>";
		};
		04B8E94C164CE43B0006AD75 /* JLComponentLibrary */ = {
			isa = PBXGroup;
			children = (
				04B8E94D164CE4470006AD75 /* Categories */,
				04B8E952164CE4470006AD75 /* Classes */,
			);
			name = JLComponentLibrary;
			sourceTree = "<group>";
		};
		04B8E94D164CE4470006AD75 /* Categories */ = {
			isa = PBXGroup;
			children = (
				04B8E94E164CE4470006AD75 /* NSObject+JL_KeyPathIntrospection.h */,
				04B8E94F164CE4470006AD75 /* NSObject+JL_KeyPathIntrospection.m */,
				04B8E950164CE4470006AD75 /* NSURL+JL_Parameters.h */,
				04B8E951164CE4470006AD75 /* NSURL+JL_Parameters.m */,
				04BEE8EF1651736E00FD0D28 /* NSString+JL_WhiteSpace.h */,
				04BEE8F01651736E00FD0D28 /* NSString+JL_WhiteSpace.m */,
			);
			name = Categories;
			path = ../Categories;
			sourceTree = "<group>";
		};
		04B8E952164CE4470006AD75 /* Classes */ = {
			isa = PBXGroup;
			children = (
				04B8E953164CE4470006AD75 /* Core Data */,
				04B8E959164CE4470006AD75 /* Networking */,
			);
			name = Classes;
			path = ../Classes;
			sourceTree = "<group>";
		};
		04B8E953164CE4470006AD75 /* Core Data */ = {
			isa = PBXGroup;
			children = (
				04B8E954164CE4470006AD75 /* JLDataManager.h */,
				04B8E955164CE4470006AD75 /* JLDataManager.m */,
				04B8E956164CE4470006AD75 /* JLDataManagerMacros.h */,
				04B8E957164CE4470006AD75 /* JLManagedTableViewController.h */,
				04B8E958164CE4470006AD75 /* JLManagedTableViewController.m */,
				041974C7169F32FD00067E1C /* JLURLStringTransformer.h */,
				041974C8169F32FD00067E1C /* JLURLStringTransformer.m */,
			);
			path = "Core Data";
			sourceTree = "<group>";
		};
		04B8E959164CE4470006AD75 /* Networking */ = {
			isa = PBXGroup;
			children = (
				04B8E95A164CE4470006AD75 /* JLRequestDispatch.h */,
				04B8E95B164CE4470006AD75 /* JLRequestDispatch.m */,
				04B8E95C164CE4470006AD75 /* JLRequestDispatchDefines.h */,
				04B8E95D164CE4470006AD75 /* JLRequestDispatchOperation.h */,
				04B8E95E164CE4470006AD75 /* JLRequestDispatchOperation.m */,
			);
			path = Networking;
			sourceTree = "<group>";
		};
		04B9038C164C0B3F00617566 /* Category Tests */ = {
			isa = PBXGroup;
			children = (
				04861B3F164ABB55000991D0 /* JLUNIT_KeyPathIntrospection.h */,
				04861B40164ABB55000991D0 /* JLUNIT_KeyPathIntrospection.m */,
				04861B67164ABDB8000991D0 /* JLUNIT_Parameters.h */,
				04861B68164ABDB8000991D0 /* JLUNIT_Parameters.m */,
				04BEE8F81651766400FD0D28 /* JLUNIT_WhiteSpace.h */,
				04BEE8F91651766400FD0D28 /* JLUNIT_WhiteSpace.m */,
			);
			name = "Category Tests";
			sourceTree = "<group>";
		};
		04B9038D164C0B4600617566 /* Class Tests */ = {
			isa = PBXGroup;
			children = (
				04B9038E164C0B6C00617566 /* Networking */,
			);
			name = "Class Tests";
			sourceTree = "<group>";
		};
		04B9038E164C0B6C00617566 /* Networking */ = {
			isa = PBXGroup;
			children = (
				04D75238164DF095004429A7 /* JLUNIT_RequestDispatchCommon.h */,
				04D75239164DF095004429A7 /* JLUNIT_RequestDispatchCommon.m */,
				04B90388164C0B3700617566 /* JLUNIT_RequestDispatchOperation.h */,
				04B90389164C0B3700617566 /* JLUNIT_RequestDispatchOperation.m */,
				04D75234164DEF7F004429A7 /* JLUNIT_RequestDispatch.h */,
				04D75235164DEF7F004429A7 /* JLUNIT_RequestDispatch.m */,
			);
			name = Networking;
			sourceTree = "<group>";
		};
		04D7523B164DFB44004429A7 /* Common */ = {
			isa = PBXGroup;
			children = (
				04D7523C164DFB55004429A7 /* JLUNIT_CommonMacros.h */,
			);
			name = Common;
			sourceTree = "<group>";
		};
		04D7525A164E09C6004429A7 /* Other Frameworks */ = {
			isa = PBXGroup;
			children = (
				04D7525B164E09C6004429A7 /* AppKit.framework */,
				04D7525C164E09C6004429A7 /* CoreData.framework */,
				04D7525D164E09C6004429A7 /* Foundation.framework */,
			);
			name = "Other Frameworks";
			sourceTree = "<group>";
		};
		04D7525E164E09C6004429A7 /* UnitTests-NoSimNeeded */ = {
			isa = PBXGroup;
			children = (
				04D7525F164E09C6004429A7 /* Supporting Files */,
			);
			path = "UnitTests-NoSimNeeded";
			sourceTree = "<group>";
		};
		04D7525F164E09C6004429A7 /* Supporting Files */ = {
			isa = PBXGroup;
			children = (
				04D75260164E09C6004429A7 /* UnitTests-NoSimNeeded-Info.plist */,
				04D75261164E09C6004429A7 /* InfoPlist.strings */,
				04D75267164E09C6004429A7 /* UnitTests-NoSimNeeded-Prefix.pch */,
			);
			name = "Supporting Files";
			sourceTree = "<group>";
		};
/* End PBXGroup section */

/* Begin PBXNativeTarget section */
		04197483169F2D8A00067E1C /* UITests */ = {
			isa = PBXNativeTarget;
			buildConfigurationList = 0419749B169F2D8A00067E1C /* Build configuration list for PBXNativeTarget "UITests" */;
			buildPhases = (
				04197480169F2D8A00067E1C /* Sources */,
				04197481169F2D8A00067E1C /* Frameworks */,
				04197482169F2D8A00067E1C /* Resources */,
			);
			buildRules = (
			);
			dependencies = (
			);
			name = UITests;
			productName = UITests;
			productReference = 04197484169F2D8A00067E1C /* UITests.app */;
			productType = "com.apple.product-type.application";
		};
		04861B33164ABB55000991D0 /* UnitTests */ = {
			isa = PBXNativeTarget;
			buildConfigurationList = 04861B43164ABB55000991D0 /* Build configuration list for PBXNativeTarget "UnitTests" */;
			buildPhases = (
				04861B2F164ABB55000991D0 /* Sources */,
				04861B30164ABB55000991D0 /* Frameworks */,
				04861B31164ABB55000991D0 /* Resources */,
				04861B32164ABB55000991D0 /* ShellScript */,
			);
			buildRules = (
			);
			dependencies = (
			);
			name = UnitTests;
			productName = UnitTests;
			productReference = 04861B34164ABB55000991D0 /* UnitTests.octest */;
			productType = "com.apple.product-type.bundle";
		};
		04D75255164E09C6004429A7 /* UnitTests-NoSimNeeded */ = {
			isa = PBXNativeTarget;
			buildConfigurationList = 04D75268164E09C6004429A7 /* Build configuration list for PBXNativeTarget "UnitTests-NoSimNeeded" */;
			buildPhases = (
				04D75251164E09C6004429A7 /* Sources */,
				04D75252164E09C6004429A7 /* Frameworks */,
				04D75253164E09C6004429A7 /* Resources */,
				04D75254164E09C6004429A7 /* ShellScript */,
			);
			buildRules = (
			);
			dependencies = (
			);
			name = "UnitTests-NoSimNeeded";
			productName = "UnitTests-NoSimNeeded";
			productReference = 04D75256164E09C6004429A7 /* UnitTests-NoSimNeeded.octest */;
			productType = "com.apple.product-type.bundle";
		};
/* End PBXNativeTarget section */

/* Begin PBXProject section */
		04861B05164ABB34000991D0 /* Project object */ = {
			isa = PBXProject;
			attributes = {
				CLASSPREFIX = JLUNIT;
				LastUpgradeCheck = 0450;
				ORGANIZATIONNAME = "Jack Lawrence";
			};
			buildConfigurationList = 04861B08164ABB34000991D0 /* Build configuration list for PBXProject "JLComponentLibrary_UnitTests" */;
			compatibilityVersion = "Xcode 3.2";
			developmentRegion = English;
			hasScannedForEncodings = 0;
			knownRegions = (
				en,
			);
			mainGroup = 04861B03164ABB34000991D0;
			productRefGroup = 04861B0F164ABB34000991D0 /* Products */;
			projectDirPath = "";
			projectRoot = "";
			targets = (
				04861B33164ABB55000991D0 /* UnitTests */,
				04D75255164E09C6004429A7 /* UnitTests-NoSimNeeded */,
				04197483169F2D8A00067E1C /* UITests */,
			);
		};
/* End PBXProject section */

/* Begin PBXResourcesBuildPhase section */
		04197482169F2D8A00067E1C /* Resources */ = {
			isa = PBXResourcesBuildPhase;
			buildActionMask = 2147483647;
			files = (
				0419748E169F2D8A00067E1C /* InfoPlist.strings in Resources */,
				04197496169F2D8A00067E1C /* Default.png in Resources */,
				04197498169F2D8A00067E1C /* Default@2x.png in Resources */,
				0419749A169F2D8A00067E1C /* Default-568h@2x.png in Resources */,
			);
			runOnlyForDeploymentPostprocessing = 0;
		};
		04861B31164ABB55000991D0 /* Resources */ = {
			isa = PBXResourcesBuildPhase;
			buildActionMask = 2147483647;
			files = (
				04861B3E164ABB55000991D0 /* InfoPlist.strings in Resources */,
			);
			runOnlyForDeploymentPostprocessing = 0;
		};
		04D75253164E09C6004429A7 /* Resources */ = {
			isa = PBXResourcesBuildPhase;
			buildActionMask = 2147483647;
			files = (
				04D75263164E09C6004429A7 /* InfoPlist.strings in Resources */,
			);
			runOnlyForDeploymentPostprocessing = 0;
		};
/* End PBXResourcesBuildPhase section */

/* Begin PBXShellScriptBuildPhase section */
		04861B32164ABB55000991D0 /* ShellScript */ = {
			isa = PBXShellScriptBuildPhase;
			buildActionMask = 2147483647;
			files = (
			);
			inputPaths = (
			);
			outputPaths = (
			);
			runOnlyForDeploymentPostprocessing = 0;
			shellPath = /bin/sh;
			shellScript = "# Run the unit tests in this test bundle.\n\"${SYSTEM_DEVELOPER_DIR}/Tools/RunUnitTests\"\n";
		};
		04D75254164E09C6004429A7 /* ShellScript */ = {
			isa = PBXShellScriptBuildPhase;
			buildActionMask = 2147483647;
			files = (
			);
			inputPaths = (
			);
			outputPaths = (
			);
			runOnlyForDeploymentPostprocessing = 0;
			shellPath = /bin/sh;
			shellScript = "# Run the unit tests in this test bundle.\n\"${SYSTEM_DEVELOPER_DIR}/Tools/RunUnitTests\"\n";
		};
/* End PBXShellScriptBuildPhase section */

/* Begin PBXSourcesBuildPhase section */
		04197480169F2D8A00067E1C /* Sources */ = {
			isa = PBXSourcesBuildPhase;
			buildActionMask = 2147483647;
			files = (
				0419749F169F2DE200067E1C /* NSObject+JL_KeyPathIntrospection.m in Sources */,
				041974A1169F2DE200067E1C /* NSURL+JL_Parameters.m in Sources */,
				041974A3169F2DE200067E1C /* NSString+JL_WhiteSpace.m in Sources */,
				041974A5169F2DE200067E1C /* JLDataManager.m in Sources */,
				041974A8169F2DE200067E1C /* JLManagedTableViewController.m in Sources */,
				041974AA169F2DE200067E1C /* JLRequestDispatch.m in Sources */,
				041974AD169F2DE200067E1C /* JLRequestDispatchOperation.m in Sources */,
				04197490169F2D8A00067E1C /* main.m in Sources */,
				04197494169F2D8A00067E1C /* JLUNITAppDelegate.m in Sources */,
				041974B8169F300800067E1C /* Model.xcdatamodeld in Sources */,
			);
			runOnlyForDeploymentPostprocessing = 0;
		};
		04861B2F164ABB55000991D0 /* Sources */ = {
			isa = PBXSourcesBuildPhase;
			buildActionMask = 2147483647;
			files = (
				04B8E949164CE3C20006AD75 /* JLUNIT_KeyPathIntrospection.m in Sources */,
				04B8E94A164CE3C20006AD75 /* JLUNIT_Parameters.m in Sources */,
				04B8E94B164CE3C20006AD75 /* JLUNIT_RequestDispatchOperation.m in Sources */,
				04B8E95F164CE4470006AD75 /* NSObject+JL_KeyPathIntrospection.m in Sources */,
				04B8E960164CE4470006AD75 /* NSURL+JL_Parameters.m in Sources */,
				04B8E961164CE4470006AD75 /* JLDataManager.m in Sources */,
				04B8E962164CE4470006AD75 /* JLManagedTableViewController.m in Sources */,
				04B8E963164CE4470006AD75 /* JLRequestDispatch.m in Sources */,
				04B8E964164CE4470006AD75 /* JLRequestDispatchOperation.m in Sources */,
				04D75236164DEF7F004429A7 /* JLUNIT_RequestDispatch.m in Sources */,
				04D7523A164DF095004429A7 /* JLUNIT_RequestDispatchCommon.m in Sources */,
				04BEE8F11651736E00FD0D28 /* NSString+JL_WhiteSpace.m in Sources */,
				04BEE8FA1651766400FD0D28 /* JLUNIT_WhiteSpace.m in Sources */,
				041974C9169F32FD00067E1C /* JLURLStringTransformer.m in Sources */,
			);
			runOnlyForDeploymentPostprocessing = 0;
		};
		04D75251164E09C6004429A7 /* Sources */ = {
			isa = PBXSourcesBuildPhase;
			buildActionMask = 2147483647;
			files = (
				04D7526C164E0A71004429A7 /* NSObject+JL_KeyPathIntrospection.m in Sources */,
				04D7526D164E0A71004429A7 /* NSURL+JL_Parameters.m in Sources */,
				04D7526E164E0A71004429A7 /* JLDataManager.m in Sources */,
				04D75270164E0A71004429A7 /* JLRequestDispatch.m in Sources */,
				04D75271164E0A71004429A7 /* JLRequestDispatchOperation.m in Sources */,
				04D75272164E0A71004429A7 /* JLUNIT_KeyPathIntrospection.m in Sources */,
				04D75273164E0A71004429A7 /* JLUNIT_Parameters.m in Sources */,
				04D75274164E0A71004429A7 /* JLUNIT_RequestDispatchCommon.m in Sources */,
				04D75275164E0A71004429A7 /* JLUNIT_RequestDispatchOperation.m in Sources */,
				04D75276164E0A71004429A7 /* JLUNIT_RequestDispatch.m in Sources */,
				04BEE8F21651736E00FD0D28 /* NSString+JL_WhiteSpace.m in Sources */,
				04BEE8FB1651766400FD0D28 /* JLUNIT_WhiteSpace.m in Sources */,
				041974CA169F32FD00067E1C /* JLURLStringTransformer.m in Sources */,
			);
			runOnlyForDeploymentPostprocessing = 0;
		};
/* End PBXSourcesBuildPhase section */

/* Begin PBXVariantGroup section */
		0419748C169F2D8A00067E1C /* InfoPlist.strings */ = {
			isa = PBXVariantGroup;
			children = (
				0419748D169F2D8A00067E1C /* en */,
			);
			name = InfoPlist.strings;
			sourceTree = "<group>";
		};
		04861B3C164ABB55000991D0 /* InfoPlist.strings */ = {
			isa = PBXVariantGroup;
			children = (
				04861B3D164ABB55000991D0 /* en */,
			);
			name = InfoPlist.strings;
			sourceTree = "<group>";
		};
		04D75261164E09C6004429A7 /* InfoPlist.strings */ = {
			isa = PBXVariantGroup;
			children = (
				04D75262164E09C6004429A7 /* en */,
			);
			name = InfoPlist.strings;
			sourceTree = "<group>";
		};
/* End PBXVariantGroup section */

/* Begin XCBuildConfiguration section */
		0419749C169F2D8A00067E1C /* Debug */ = {
			isa = XCBuildConfiguration;
			buildSettings = {
				"CODE_SIGN_IDENTITY[sdk=iphoneos*]" = "iPhone Developer";
				GCC_PRECOMPILE_PREFIX_HEADER = YES;
				GCC_PREFIX_HEADER = "UITests/UITests-Prefix.pch";
				INFOPLIST_FILE = "UITests/UITests-Info.plist";
				PRODUCT_NAME = "$(TARGET_NAME)";
				WRAPPER_EXTENSION = app;
			};
			name = Debug;
		};
		0419749D169F2D8A00067E1C /* Release */ = {
			isa = XCBuildConfiguration;
			buildSettings = {
				"CODE_SIGN_IDENTITY[sdk=iphoneos*]" = "iPhone Developer";
				GCC_PRECOMPILE_PREFIX_HEADER = YES;
				GCC_PREFIX_HEADER = "UITests/UITests-Prefix.pch";
				INFOPLIST_FILE = "UITests/UITests-Info.plist";
				PRODUCT_NAME = "$(TARGET_NAME)";
				WRAPPER_EXTENSION = app;
			};
			name = Release;
		};
		04861B2A164ABB34000991D0 /* Debug */ = {
			isa = XCBuildConfiguration;
			buildSettings = {
				ALWAYS_SEARCH_USER_PATHS = NO;
				CLANG_CXX_LANGUAGE_STANDARD = "gnu++0x";
				CLANG_CXX_LIBRARY = "libc++";
				CLANG_ENABLE_OBJC_ARC = YES;
				CLANG_WARN_EMPTY_BODY = YES;
				CLANG_WARN__DUPLICATE_METHOD_MATCH = YES;
				"CODE_SIGN_IDENTITY[sdk=iphoneos*]" = "iPhone Developer";
				COPY_PHASE_STRIP = NO;
				GCC_C_LANGUAGE_STANDARD = gnu99;
				GCC_DYNAMIC_NO_PIC = NO;
				GCC_OPTIMIZATION_LEVEL = 0;
				GCC_PREPROCESSOR_DEFINITIONS = (
					"DEBUG=1",
					"$(inherited)",
				);
				GCC_SYMBOLS_PRIVATE_EXTERN = NO;
				GCC_WARN_ABOUT_RETURN_TYPE = YES;
				GCC_WARN_PEDANTIC = NO;
				GCC_WARN_UNINITIALIZED_AUTOS = YES;
				GCC_WARN_UNUSED_FUNCTION = YES;
				GCC_WARN_UNUSED_VARIABLE = YES;
				IPHONEOS_DEPLOYMENT_TARGET = 6.0;
				ONLY_ACTIVE_ARCH = YES;
				SDKROOT = iphoneos;
				TARGETED_DEVICE_FAMILY = "1,2";
			};
			name = Debug;
		};
		04861B2B164ABB34000991D0 /* Release */ = {
			isa = XCBuildConfiguration;
			buildSettings = {
				ALWAYS_SEARCH_USER_PATHS = NO;
				CLANG_CXX_LANGUAGE_STANDARD = "gnu++0x";
				CLANG_CXX_LIBRARY = "libc++";
				CLANG_ENABLE_OBJC_ARC = YES;
				CLANG_WARN_EMPTY_BODY = YES;
				CLANG_WARN__DUPLICATE_METHOD_MATCH = YES;
				"CODE_SIGN_IDENTITY[sdk=iphoneos*]" = "iPhone Developer";
				COPY_PHASE_STRIP = YES;
				GCC_C_LANGUAGE_STANDARD = gnu99;
				GCC_WARN_ABOUT_RETURN_TYPE = YES;
				GCC_WARN_PEDANTIC = NO;
				GCC_WARN_UNINITIALIZED_AUTOS = YES;
				GCC_WARN_UNUSED_FUNCTION = YES;
				GCC_WARN_UNUSED_VARIABLE = YES;
				IPHONEOS_DEPLOYMENT_TARGET = 6.0;
				OTHER_CFLAGS = "-DNS_BLOCK_ASSERTIONS=1";
				SDKROOT = iphoneos;
				TARGETED_DEVICE_FAMILY = "1,2";
				VALIDATE_PRODUCT = YES;
			};
			name = Release;
		};
		04861B44164ABB55000991D0 /* Debug */ = {
			isa = XCBuildConfiguration;
			buildSettings = {
				ARCHS = armv7;
				FRAMEWORK_SEARCH_PATHS = (
					"\"$(SDKROOT)/Developer/Library/Frameworks\"",
					"\"$(DEVELOPER_LIBRARY_DIR)/Frameworks\"",
				);
				GCC_PRECOMPILE_PREFIX_HEADER = YES;
				GCC_PREFIX_HEADER = "UnitTests/UnitTests-Prefix.pch";
				GCC_WARN_PEDANTIC = NO;
				GCC_WARN_UNUSED_FUNCTION = YES;
				HEADER_SEARCH_PATHS = "$(SRCROOT)/UnitTests/Frameworks/OCMock";
				INFOPLIST_FILE = "UnitTests/UnitTests-Info.plist";
				LIBRARY_SEARCH_PATHS = (
					"$(inherited)",
					"\"$(SRCROOT)\"",
					"\"$(SRCROOT)/UnitTests/Frameworks/OCMock\"",
				);
				OTHER_LDFLAGS = (
					"-force_load",
					"\"$(SRCROOT)/UnitTests/Frameworks/OCMock/libOCMock.a\"",
					"-ObjC",
				);
				PRODUCT_NAME = "$(TARGET_NAME)";
				VALID_ARCHS = armv7;
				WRAPPER_EXTENSION = octest;
			};
			name = Debug;
		};
		04861B45164ABB55000991D0 /* Release */ = {
			isa = XCBuildConfiguration;
			buildSettings = {
				ARCHS = armv7;
				FRAMEWORK_SEARCH_PATHS = (
					"\"$(SDKROOT)/Developer/Library/Frameworks\"",
					"\"$(DEVELOPER_LIBRARY_DIR)/Frameworks\"",
				);
				GCC_PRECOMPILE_PREFIX_HEADER = YES;
				GCC_PREFIX_HEADER = "UnitTests/UnitTests-Prefix.pch";
				GCC_WARN_PEDANTIC = NO;
				GCC_WARN_UNUSED_FUNCTION = YES;
				HEADER_SEARCH_PATHS = "$(SRCROOT)/UnitTests/Frameworks/OCMock";
				INFOPLIST_FILE = "UnitTests/UnitTests-Info.plist";
				LIBRARY_SEARCH_PATHS = (
					"$(inherited)",
					"\"$(SRCROOT)\"",
					"\"$(SRCROOT)/UnitTests/Frameworks/OCMock\"",
				);
				OTHER_LDFLAGS = (
					"-force_load",
					"\"$(SRCROOT)/UnitTests/Frameworks/OCMock/libOCMock.a\"",
					"-ObjC",
				);
				PRODUCT_NAME = "$(TARGET_NAME)";
				VALID_ARCHS = armv7;
				WRAPPER_EXTENSION = octest;
			};
			name = Release;
		};
		04D75269164E09C6004429A7 /* Debug */ = {
			isa = XCBuildConfiguration;
			buildSettings = {
				ARCHS = "$(ARCHS_STANDARD_64_BIT)";
				COMBINE_HIDPI_IMAGES = YES;
				FRAMEWORK_SEARCH_PATHS = "\"$(DEVELOPER_LIBRARY_DIR)/Frameworks\"";
				GCC_ENABLE_OBJC_EXCEPTIONS = YES;
				GCC_PRECOMPILE_PREFIX_HEADER = YES;
				GCC_PREFIX_HEADER = "UnitTests-NoSimNeeded/UnitTests-NoSimNeeded-Prefix.pch";
				GCC_WARN_64_TO_32_BIT_CONVERSION = YES;
				INFOPLIST_FILE = "UnitTests-NoSimNeeded/UnitTests-NoSimNeeded-Info.plist";
				MACOSX_DEPLOYMENT_TARGET = 10.8;
				PRODUCT_NAME = "$(TARGET_NAME)";
				SDKROOT = macosx;
				WRAPPER_EXTENSION = octest;
			};
			name = Debug;
		};
		04D7526A164E09C6004429A7 /* Release */ = {
			isa = XCBuildConfiguration;
			buildSettings = {
				ARCHS = "$(ARCHS_STANDARD_64_BIT)";
				COMBINE_HIDPI_IMAGES = YES;
				DEBUG_INFORMATION_FORMAT = "dwarf-with-dsym";
				FRAMEWORK_SEARCH_PATHS = "\"$(DEVELOPER_LIBRARY_DIR)/Frameworks\"";
				GCC_ENABLE_OBJC_EXCEPTIONS = YES;
				GCC_PRECOMPILE_PREFIX_HEADER = YES;
				GCC_PREFIX_HEADER = "UnitTests-NoSimNeeded/UnitTests-NoSimNeeded-Prefix.pch";
				GCC_WARN_64_TO_32_BIT_CONVERSION = YES;
				INFOPLIST_FILE = "UnitTests-NoSimNeeded/UnitTests-NoSimNeeded-Info.plist";
				MACOSX_DEPLOYMENT_TARGET = 10.8;
				PRODUCT_NAME = "$(TARGET_NAME)";
				SDKROOT = macosx;
				WRAPPER_EXTENSION = octest;
			};
			name = Release;
		};
/* End XCBuildConfiguration section */

/* Begin XCConfigurationList section */
		0419749B169F2D8A00067E1C /* Build configuration list for PBXNativeTarget "UITests" */ = {
			isa = XCConfigurationList;
			buildConfigurations = (
				0419749C169F2D8A00067E1C /* Debug */,
				0419749D169F2D8A00067E1C /* Release */,
			);
			defaultConfigurationIsVisible = 0;
			defaultConfigurationName = Release;
		};
		04861B08164ABB34000991D0 /* Build configuration list for PBXProject "JLComponentLibrary_UnitTests" */ = {
			isa = XCConfigurationList;
			buildConfigurations = (
				04861B2A164ABB34000991D0 /* Debug */,
				04861B2B164ABB34000991D0 /* Release */,
			);
			defaultConfigurationIsVisible = 0;
			defaultConfigurationName = Release;
		};
		04861B43164ABB55000991D0 /* Build configuration list for PBXNativeTarget "UnitTests" */ = {
			isa = XCConfigurationList;
			buildConfigurations = (
				04861B44164ABB55000991D0 /* Debug */,
				04861B45164ABB55000991D0 /* Release */,
			);
			defaultConfigurationIsVisible = 0;
			defaultConfigurationName = Release;
		};
		04D75268164E09C6004429A7 /* Build configuration list for PBXNativeTarget "UnitTests-NoSimNeeded" */ = {
			isa = XCConfigurationList;
			buildConfigurations = (
				04D75269164E09C6004429A7 /* Debug */,
				04D7526A164E09C6004429A7 /* Release */,
			);
			defaultConfigurationIsVisible = 0;
			defaultConfigurationName = Release;
		};
/* End XCConfigurationList section */

/* Begin XCVersionGroup section */
		041974B6169F300800067E1C /* Model.xcdatamodeld */ = {
			isa = XCVersionGroup;
			children = (
				041974B7169F300800067E1C /* Model.xcdatamodel */,
			);
			currentVersion = 041974B7169F300800067E1C /* Model.xcdatamodel */;
			path = Model.xcdatamodeld;
			sourceTree = "<group>";
			versionGroupType = wrapper.xcdatamodel;
		};
/* End XCVersionGroup section */
	};
	rootObject = 04861B05164ABB34000991D0 /* Project object */;
}
